// !$*UTF8*$!
{
	archiveVersion = 1;
	classes = {
	};
	objectVersion = 55;
	objects = {

/* Begin PBXBuildFile section */
		1E3CF3EF27DD289A002CDC8A /* AppDelegate.swift in Sources */ = {isa = PBXBuildFile; fileRef = 1E3CF3EE27DD289A002CDC8A /* AppDelegate.swift */; };
		1E3CF3F127DD289A002CDC8A /* SceneDelegate.swift in Sources */ = {isa = PBXBuildFile; fileRef = 1E3CF3F027DD289A002CDC8A /* SceneDelegate.swift */; };
		1E3CF3F327DD289A002CDC8A /* ViewController.swift in Sources */ = {isa = PBXBuildFile; fileRef = 1E3CF3F227DD289A002CDC8A /* ViewController.swift */; };
		1E3CF3F627DD289A002CDC8A /* Main.storyboard in Resources */ = {isa = PBXBuildFile; fileRef = 1E3CF3F427DD289A002CDC8A /* Main.storyboard */; };
		1E3CF3F827DD289B002CDC8A /* Assets.xcassets in Resources */ = {isa = PBXBuildFile; fileRef = 1E3CF3F727DD289B002CDC8A /* Assets.xcassets */; };
		1E3CF3FB27DD289B002CDC8A /* LaunchScreen.storyboard in Resources */ = {isa = PBXBuildFile; fileRef = 1E3CF3F927DD289B002CDC8A /* LaunchScreen.storyboard */; };
		1E3CF40627DD289B002CDC8A /* Creating_FlashcardTests.swift in Sources */ = {isa = PBXBuildFile; fileRef = 1E3CF40527DD289B002CDC8A /* Creating_FlashcardTests.swift */; };
		1E3CF41027DD289B002CDC8A /* Creating_FlashcardUITests.swift in Sources */ = {isa = PBXBuildFile; fileRef = 1E3CF40F27DD289B002CDC8A /* Creating_FlashcardUITests.swift */; };
		1E3CF41227DD289B002CDC8A /* Creating_FlashcardUITestsLaunchTests.swift in Sources */ = {isa = PBXBuildFile; fileRef = 1E3CF41127DD289B002CDC8A /* Creating_FlashcardUITestsLaunchTests.swift */; };
		1E3CF41F27DD2C8E002CDC8A /* CreationViewController.swift in Sources */ = {isa = PBXBuildFile; fileRef = 1E3CF41E27DD2C8E002CDC8A /* CreationViewController.swift */; };
/* End PBXBuildFile section */

/* Begin PBXContainerItemProxy section */
		1E3CF40227DD289B002CDC8A /* PBXContainerItemProxy */ = {
			isa = PBXContainerItemProxy;
			containerPortal = 1E3CF3E327DD289A002CDC8A /* Project object */;
			proxyType = 1;
			remoteGlobalIDString = 1E3CF3EA27DD289A002CDC8A;
			remoteInfo = "Creating Flashcard";
		};
		1E3CF40C27DD289B002CDC8A /* PBXContainerItemProxy */ = {
			isa = PBXContainerItemProxy;
			containerPortal = 1E3CF3E327DD289A002CDC8A /* Project object */;
			proxyType = 1;
			remoteGlobalIDString = 1E3CF3EA27DD289A002CDC8A;
			remoteInfo = "Creating Flashcard";
		};
/* End PBXContainerItemProxy section */

/* Begin PBXFileReference section */
		1E3CF3EB27DD289A002CDC8A /* Creating Flashcard.app */ = {isa = PBXFileReference; explicitFileType = wrapper.application; includeInIndex = 0; path = "Creating Flashcard.app"; sourceTree = BUILT_PRODUCTS_DIR; };
		1E3CF3EE27DD289A002CDC8A /* AppDelegate.swift */ = {isa = PBXFileReference; lastKnownFileType = sourcecode.swift; path = AppDelegate.swift; sourceTree = "<group>"; };
		1E3CF3F027DD289A002CDC8A /* SceneDelegate.swift */ = {isa = PBXFileReference; lastKnownFileType = sourcecode.swift; path = SceneDelegate.swift; sourceTree = "<group>"; };
		1E3CF3F227DD289A002CDC8A /* ViewController.swift */ = {isa = PBXFileReference; lastKnownFileType = sourcecode.swift; path = ViewController.swift; sourceTree = "<group>"; };
		1E3CF3F527DD289A002CDC8A /* Base */ = {isa = PBXFileReference; lastKnownFileType = file.storyboard; name = Base; path = Base.lproj/Main.storyboard; sourceTree = "<group>"; };
		1E3CF3F727DD289B002CDC8A /* Assets.xcassets */ = {isa = PBXFileReference; lastKnownFileType = folder.assetcatalog; path = Assets.xcassets; sourceTree = "<group>"; };
		1E3CF3FA27DD289B002CDC8A /* Base */ = {isa = PBXFileReference; lastKnownFileType = file.storyboard; name = Base; path = Base.lproj/LaunchScreen.storyboard; sourceTree = "<group>"; };
		1E3CF3FC27DD289B002CDC8A /* Info.plist */ = {isa = PBXFileReference; lastKnownFileType = text.plist.xml; path = Info.plist; sourceTree = "<group>"; };
		1E3CF40127DD289B002CDC8A /* Creating FlashcardTests.xctest */ = {isa = PBXFileReference; explicitFileType = wrapper.cfbundle; includeInIndex = 0; path = "Creating FlashcardTests.xctest"; sourceTree = BUILT_PRODUCTS_DIR; };
		1E3CF40527DD289B002CDC8A /* Creating_FlashcardTests.swift */ = {isa = PBXFileReference; lastKnownFileType = sourcecode.swift; path = Creating_FlashcardTests.swift; sourceTree = "<group>"; };
		1E3CF40B27DD289B002CDC8A /* Creating FlashcardUITests.xctest */ = {isa = PBXFileReference; explicitFileType = wrapper.cfbundle; includeInIndex = 0; path = "Creating FlashcardUITests.xctest"; sourceTree = BUILT_PRODUCTS_DIR; };
		1E3CF40F27DD289B002CDC8A /* Creating_FlashcardUITests.swift */ = {isa = PBXFileReference; lastKnownFileType = sourcecode.swift; path = Creating_FlashcardUITests.swift; sourceTree = "<group>"; };
		1E3CF41127DD289B002CDC8A /* Creating_FlashcardUITestsLaunchTests.swift */ = {isa = PBXFileReference; lastKnownFileType = sourcecode.swift; path = Creating_FlashcardUITestsLaunchTests.swift; sourceTree = "<group>"; };
		1E3CF41E27DD2C8E002CDC8A /* CreationViewController.swift */ = {isa = PBXFileReference; lastKnownFileType = sourcecode.swift; path = CreationViewController.swift; sourceTree = "<group>"; };
/* End PBXFileReference section */

/* Begin PBXFrameworksBuildPhase section */
		1E3CF3E827DD289A002CDC8A /* Frameworks */ = {
			isa = PBXFrameworksBuildPhase;
			buildActionMask = 2147483647;
			files = (
			);
			runOnlyForDeploymentPostprocessing = 0;
		};
		1E3CF3FE27DD289B002CDC8A /* Frameworks */ = {
			isa = PBXFrameworksBuildPhase;
			buildActionMask = 2147483647;
			files = (
			);
			runOnlyForDeploymentPostprocessing = 0;
		};
		1E3CF40827DD289B002CDC8A /* Frameworks */ = {
			isa = PBXFrameworksBuildPhase;
			buildActionMask = 2147483647;
			files = (
			);
			runOnlyForDeploymentPostprocessing = 0;
		};
/* End PBXFrameworksBuildPhase section */

/* Begin PBXGroup section */
		1E3CF3E227DD289A002CDC8A = {
			isa = PBXGroup;
			children = (
				1E3CF3ED27DD289A002CDC8A /* Creating Flashcard */,
				1E3CF40427DD289B002CDC8A /* Creating FlashcardTests */,
				1E3CF40E27DD289B002CDC8A /* Creating FlashcardUITests */,
				1E3CF3EC27DD289A002CDC8A /* Products */,
			);
			sourceTree = "<group>";
		};
		1E3CF3EC27DD289A002CDC8A /* Products */ = {
			isa = PBXGroup;
			children = (
				1E3CF3EB27DD289A002CDC8A /* Creating Flashcard.app */,
				1E3CF40127DD289B002CDC8A /* Creating FlashcardTests.xctest */,
				1E3CF40B27DD289B002CDC8A /* Creating FlashcardUITests.xctest */,
			);
			name = Products;
			sourceTree = "<group>";
		};
		1E3CF3ED27DD289A002CDC8A /* Creating Flashcard */ = {
			isa = PBXGroup;
			children = (
				1E3CF3EE27DD289A002CDC8A /* AppDelegate.swift */,
				1E3CF3F027DD289A002CDC8A /* SceneDelegate.swift */,
				1E3CF3F227DD289A002CDC8A /* ViewController.swift */,
				1E3CF3F427DD289A002CDC8A /* Main.storyboard */,
				1E3CF41E27DD2C8E002CDC8A /* CreationViewController.swift */,
				1E3CF3F727DD289B002CDC8A /* Assets.xcassets */,
				1E3CF3F927DD289B002CDC8A /* LaunchScreen.storyboard */,
				1E3CF3FC27DD289B002CDC8A /* Info.plist */,
			);
			path = "Creating Flashcard";
			sourceTree = "<group>";
		};
		1E3CF40427DD289B002CDC8A /* Creating FlashcardTests */ = {
			isa = PBXGroup;
			children = (
				1E3CF40527DD289B002CDC8A /* Creating_FlashcardTests.swift */,
			);
			path = "Creating FlashcardTests";
			sourceTree = "<group>";
		};
		1E3CF40E27DD289B002CDC8A /* Creating FlashcardUITests */ = {
			isa = PBXGroup;
			children = (
				1E3CF40F27DD289B002CDC8A /* Creating_FlashcardUITests.swift */,
				1E3CF41127DD289B002CDC8A /* Creating_FlashcardUITestsLaunchTests.swift */,
			);
			path = "Creating FlashcardUITests";
			sourceTree = "<group>";
		};
/* End PBXGroup section */

/* Begin PBXNativeTarget section */
		1E3CF3EA27DD289A002CDC8A /* Creating Flashcard */ = {
			isa = PBXNativeTarget;
			buildConfigurationList = 1E3CF41527DD289B002CDC8A /* Build configuration list for PBXNativeTarget "Creating Flashcard" */;
			buildPhases = (
				1E3CF3E727DD289A002CDC8A /* Sources */,
				1E3CF3E827DD289A002CDC8A /* Frameworks */,
				1E3CF3E927DD289A002CDC8A /* Resources */,
			);
			buildRules = (
			);
			dependencies = (
			);
			name = "Creating Flashcard";
			productName = "Creating Flashcard";
			productReference = 1E3CF3EB27DD289A002CDC8A /* Creating Flashcard.app */;
			productType = "com.apple.product-type.application";
		};
		1E3CF40027DD289B002CDC8A /* Creating FlashcardTests */ = {
			isa = PBXNativeTarget;
			buildConfigurationList = 1E3CF41827DD289B002CDC8A /* Build configuration list for PBXNativeTarget "Creating FlashcardTests" */;
			buildPhases = (
				1E3CF3FD27DD289B002CDC8A /* Sources */,
				1E3CF3FE27DD289B002CDC8A /* Frameworks */,
				1E3CF3FF27DD289B002CDC8A /* Resources */,
			);
			buildRules = (
			);
			dependencies = (
				1E3CF40327DD289B002CDC8A /* PBXTargetDependency */,
			);
			name = "Creating FlashcardTests";
			productName = "Creating FlashcardTests";
			productReference = 1E3CF40127DD289B002CDC8A /* Creating FlashcardTests.xctest */;
			productType = "com.apple.product-type.bundle.unit-test";
		};
		1E3CF40A27DD289B002CDC8A /* Creating FlashcardUITests */ = {
			isa = PBXNativeTarget;
			buildConfigurationList = 1E3CF41B27DD289B002CDC8A /* Build configuration list for PBXNativeTarget "Creating FlashcardUITests" */;
			buildPhases = (
				1E3CF40727DD289B002CDC8A /* Sources */,
				1E3CF40827DD289B002CDC8A /* Frameworks */,
				1E3CF40927DD289B002CDC8A /* Resources */,
			);
			buildRules = (
			);
			dependencies = (
				1E3CF40D27DD289B002CDC8A /* PBXTargetDependency */,
			);
			name = "Creating FlashcardUITests";
			productName = "Creating FlashcardUITests";
			productReference = 1E3CF40B27DD289B002CDC8A /* Creating FlashcardUITests.xctest */;
			productType = "com.apple.product-type.bundle.ui-testing";
		};
/* End PBXNativeTarget section */

/* Begin PBXProject section */
		1E3CF3E327DD289A002CDC8A /* Project object */ = {
			isa = PBXProject;
			attributes = {
				BuildIndependentTargetsInParallel = 1;
				LastSwiftUpdateCheck = 1320;
				LastUpgradeCheck = 1320;
				TargetAttributes = {
					1E3CF3EA27DD289A002CDC8A = {
						CreatedOnToolsVersion = 13.2.1;
					};
					1E3CF40027DD289B002CDC8A = {
						CreatedOnToolsVersion = 13.2.1;
						TestTargetID = 1E3CF3EA27DD289A002CDC8A;
					};
					1E3CF40A27DD289B002CDC8A = {
						CreatedOnToolsVersion = 13.2.1;
						TestTargetID = 1E3CF3EA27DD289A002CDC8A;
					};
				};
			};
			buildConfigurationList = 1E3CF3E627DD289A002CDC8A /* Build configuration list for PBXProject "Creating Flashcard" */;
			compatibilityVersion = "Xcode 13.0";
			developmentRegion = en;
			hasScannedForEncodings = 0;
			knownRegions = (
				en,
				Base,
			);
			mainGroup = 1E3CF3E227DD289A002CDC8A;
			productRefGroup = 1E3CF3EC27DD289A002CDC8A /* Products */;
			projectDirPath = "";
			projectRoot = "";
			targets = (
				1E3CF3EA27DD289A002CDC8A /* Creating Flashcard */,
				1E3CF40027DD289B002CDC8A /* Creating FlashcardTests */,
				1E3CF40A27DD289B002CDC8A /* Creating FlashcardUITests */,
			);
		};
/* End PBXProject section */

/* Begin PBXResourcesBuildPhase section */
		1E3CF3E927DD289A002CDC8A /* Resources */ = {
			isa = PBXResourcesBuildPhase;
			buildActionMask = 2147483647;
			files = (
				1E3CF3FB27DD289B002CDC8A /* LaunchScreen.storyboard in Resources */,
				1E3CF3F827DD289B002CDC8A /* Assets.xcassets in Resources */,
				1E3CF3F627DD289A002CDC8A /* Main.storyboard in Resources */,
			);
			runOnlyForDeploymentPostprocessing = 0;
		};
		1E3CF3FF27DD289B002CDC8A /* Resources */ = {
			isa = PBXResourcesBuildPhase;
			buildActionMask = 2147483647;
			files = (
			);
			runOnlyForDeploymentPostprocessing = 0;
		};
		1E3CF40927DD289B002CDC8A /* Resources */ = {
			isa = PBXResourcesBuildPhase;
			buildActionMask = 2147483647;
			files = (
			);
			runOnlyForDeploymentPostprocessing = 0;
		};
/* End PBXResourcesBuildPhase section */

/* Begin PBXSourcesBuildPhase section */
		1E3CF3E727DD289A002CDC8A /* Sources */ = {
			isa = PBXSourcesBuildPhase;
			buildActionMask = 2147483647;
			files = (
				1E3CF3F327DD289A002CDC8A /* ViewController.swift in Sources */,
				1E3CF3EF27DD289A002CDC8A /* AppDelegate.swift in Sources */,
				1E3CF3F127DD289A002CDC8A /* SceneDelegate.swift in Sources */,
				1E3CF41F27DD2C8E002CDC8A /* CreationViewController.swift in Sources */,
			);
			runOnlyForDeploymentPostprocessing = 0;
		};
		1E3CF3FD27DD289B002CDC8A /* Sources */ = {
			isa = PBXSourcesBuildPhase;
			buildActionMask = 2147483647;
			files = (
				1E3CF40627DD289B002CDC8A /* Creating_FlashcardTests.swift in Sources */,
			);
			runOnlyForDeploymentPostprocessing = 0;
		};
		1E3CF40727DD289B002CDC8A /* Sources */ = {
			isa = PBXSourcesBuildPhase;
			buildActionMask = 2147483647;
			files = (
				1E3CF41227DD289B002CDC8A /* Creating_FlashcardUITestsLaunchTests.swift in Sources */,
				1E3CF41027DD289B002CDC8A /* Creating_FlashcardUITests.swift in Sources */,
			);
			runOnlyForDeploymentPostprocessing = 0;
		};
/* End PBXSourcesBuildPhase section */

/* Begin PBXTargetDependency section */
		1E3CF40327DD289B002CDC8A /* PBXTargetDependency */ = {
			isa = PBXTargetDependency;
			target = 1E3CF3EA27DD289A002CDC8A /* Creating Flashcard */;
			targetProxy = 1E3CF40227DD289B002CDC8A /* PBXContainerItemProxy */;
		};
		1E3CF40D27DD289B002CDC8A /* PBXTargetDependency */ = {
			isa = PBXTargetDependency;
			target = 1E3CF3EA27DD289A002CDC8A /* Creating Flashcard */;
			targetProxy = 1E3CF40C27DD289B002CDC8A /* PBXContainerItemProxy */;
		};
/* End PBXTargetDependency section */

/* Begin PBXVariantGroup section */
		1E3CF3F427DD289A002CDC8A /* Main.storyboard */ = {
			isa = PBXVariantGroup;
			children = (
				1E3CF3F527DD289A002CDC8A /* Base */,
			);
			name = Main.storyboard;
			sourceTree = "<group>";
		};
		1E3CF3F927DD289B002CDC8A /* LaunchScreen.storyboard */ = {
			isa = PBXVariantGroup;
			children = (
				1E3CF3FA27DD289B002CDC8A /* Base */,
			);
			name = LaunchScreen.storyboard;
			sourceTree = "<group>";
		};
/* End PBXVariantGroup section */

/* Begin XCBuildConfiguration section */
		1E3CF41327DD289B002CDC8A /* Debug */ = {
			isa = XCBuildConfiguration;
			buildSettings = {
				ALWAYS_SEARCH_USER_PATHS = NO;
				CLANG_ANALYZER_NONNULL = YES;
				CLANG_ANALYZER_NUMBER_OBJECT_CONVERSION = YES_AGGRESSIVE;
				CLANG_CXX_LANGUAGE_STANDARD = "gnu++17";
				CLANG_CXX_LIBRARY = "libc++";
				CLANG_ENABLE_MODULES = YES;
				CLANG_ENABLE_OBJC_ARC = YES;
				CLANG_ENABLE_OBJC_WEAK = YES;
				CLANG_WARN_BLOCK_CAPTURE_AUTORELEASING = YES;
				CLANG_WARN_BOOL_CONVERSION = YES;
				CLANG_WARN_COMMA = YES;
				CLANG_WARN_CONSTANT_CONVERSION = YES;
				CLANG_WARN_DEPRECATED_OBJC_IMPLEMENTATIONS = YES;
				CLANG_WARN_DIRECT_OBJC_ISA_USAGE = YES_ERROR;
				CLANG_WARN_DOCUMENTATION_COMMENTS = YES;
				CLANG_WARN_EMPTY_BODY = YES;
				CLANG_WARN_ENUM_CONVERSION = YES;
				CLANG_WARN_INFINITE_RECURSION = YES;
				CLANG_WARN_INT_CONVERSION = YES;
				CLANG_WARN_NON_LITERAL_NULL_CONVERSION = YES;
				CLANG_WARN_OBJC_IMPLICIT_RETAIN_SELF = YES;
				CLANG_WARN_OBJC_LITERAL_CONVERSION = YES;
				CLANG_WARN_OBJC_ROOT_CLASS = YES_ERROR;
				CLANG_WARN_QUOTED_INCLUDE_IN_FRAMEWORK_HEADER = YES;
				CLANG_WARN_RANGE_LOOP_ANALYSIS = YES;
				CLANG_WARN_STRICT_PROTOTYPES = YES;
				CLANG_WARN_SUSPICIOUS_MOVE = YES;
				CLANG_WARN_UNGUARDED_AVAILABILITY = YES_AGGRESSIVE;
				CLANG_WARN_UNREACHABLE_CODE = YES;
				CLANG_WARN__DUPLICATE_METHOD_MATCH = YES;
				COPY_PHASE_STRIP = NO;
				DEBUG_INFORMATION_FORMAT = dwarf;
				ENABLE_STRICT_OBJC_MSGSEND = YES;
				ENABLE_TESTABILITY = YES;
				GCC_C_LANGUAGE_STANDARD = gnu11;
				GCC_DYNAMIC_NO_PIC = NO;
				GCC_NO_COMMON_BLOCKS = YES;
				GCC_OPTIMIZATION_LEVEL = 0;
				GCC_PREPROCESSOR_DEFINITIONS = (
					"DEBUG=1",
					"$(inherited)",
				);
				GCC_WARN_64_TO_32_BIT_CONVERSION = YES;
				GCC_WARN_ABOUT_RETURN_TYPE = YES_ERROR;
				GCC_WARN_UNDECLARED_SELECTOR = YES;
				GCC_WARN_UNINITIALIZED_AUTOS = YES_AGGRESSIVE;
				GCC_WARN_UNUSED_FUNCTION = YES;
				GCC_WARN_UNUSED_VARIABLE = YES;
				IPHONEOS_DEPLOYMENT_TARGET = 15.2;
				MTL_ENABLE_DEBUG_INFO = INCLUDE_SOURCE;
				MTL_FAST_MATH = YES;
				ONLY_ACTIVE_ARCH = YES;
				SDKROOT = iphoneos;
				SWIFT_ACTIVE_COMPILATION_CONDITIONS = DEBUG;
				SWIFT_OPTIMIZATION_LEVEL = "-Onone";
			};
			name = Debug;
		};
		1E3CF41427DD289B002CDC8A /* Release */ = {
			isa = XCBuildConfiguration;
			buildSettings = {
				ALWAYS_SEARCH_USER_PATHS = NO;
				CLANG_ANALYZER_NONNULL = YES;
				CLANG_ANALYZER_NUMBER_OBJECT_CONVERSION = YES_AGGRESSIVE;
				CLANG_CXX_LANGUAGE_STANDARD = "gnu++17";
				CLANG_CXX_LIBRARY = "libc++";
				CLANG_ENABLE_MODULES = YES;
				CLANG_ENABLE_OBJC_ARC = YES;
				CLANG_ENABLE_OBJC_WEAK = YES;
				CLANG_WARN_BLOCK_CAPTURE_AUTORELEASING = YES;
				CLANG_WARN_BOOL_CONVERSION = YES;
				CLANG_WARN_COMMA = YES;
				CLANG_WARN_CONSTANT_CONVERSION = YES;
				CLANG_WARN_DEPRECATED_OBJC_IMPLEMENTATIONS = YES;
				CLANG_WARN_DIRECT_OBJC_ISA_USAGE = YES_ERROR;
				CLANG_WARN_DOCUMENTATION_COMMENTS = YES;
				CLANG_WARN_EMPTY_BODY = YES;
				CLANG_WARN_ENUM_CONVERSION = YES;
				CLANG_WARN_INFINITE_RECURSION = YES;
				CLANG_WARN_INT_CONVERSION = YES;
				CLANG_WARN_NON_LITERAL_NULL_CONVERSION = YES;
				CLANG_WARN_OBJC_IMPLICIT_RETAIN_SELF = YES;
				CLANG_WARN_OBJC_LITERAL_CONVERSION = YES;
				CLANG_WARN_OBJC_ROOT_CLASS = YES_ERROR;
				CLANG_WARN_QUOTED_INCLUDE_IN_FRAMEWORK_HEADER = YES;
				CLANG_WARN_RANGE_LOOP_ANALYSIS = YES;
				CLANG_WARN_STRICT_PROTOTYPES = YES;
				CLANG_WARN_SUSPICIOUS_MOVE = YES;
				CLANG_WARN_UNGUARDED_AVAILABILITY = YES_AGGRESSIVE;
				CLANG_WARN_UNREACHABLE_CODE = YES;
				CLANG_WARN__DUPLICATE_METHOD_MATCH = YES;
				COPY_PHASE_STRIP = NO;
				DEBUG_INFORMATION_FORMAT = "dwarf-with-dsym";
				ENABLE_NS_ASSERTIONS = NO;
				ENABLE_STRICT_OBJC_MSGSEND = YES;
				GCC_C_LANGUAGE_STANDARD = gnu11;
				GCC_NO_COMMON_BLOCKS = YES;
				GCC_WARN_64_TO_32_BIT_CONVERSION = YES;
				GCC_WARN_ABOUT_RETURN_TYPE = YES_ERROR;
				GCC_WARN_UNDECLARED_SELECTOR = YES;
				GCC_WARN_UNINITIALIZED_AUTOS = YES_AGGRESSIVE;
				GCC_WARN_UNUSED_FUNCTION = YES;
				GCC_WARN_UNUSED_VARIABLE = YES;
				IPHONEOS_DEPLOYMENT_TARGET = 15.2;
				MTL_ENABLE_DEBUG_INFO = NO;
				MTL_FAST_MATH = YES;
				SDKROOT = iphoneos;
				SWIFT_COMPILATION_MODE = wholemodule;
				SWIFT_OPTIMIZATION_LEVEL = "-O";
				VALIDATE_PRODUCT = YES;
			};
			name = Release;
		};
		1E3CF41627DD289B002CDC8A /* Debug */ = {
			isa = XCBuildConfiguration;
			buildSettings = {
				ASSETCATALOG_COMPILER_APPICON_NAME = AppIcon;
				ASSETCATALOG_COMPILER_GLOBAL_ACCENT_COLOR_NAME = AccentColor;
				CODE_SIGN_STYLE = Automatic;
				CURRENT_PROJECT_VERSION = 1;
				DEVELOPMENT_TEAM = WZYVWL96VR;
				GENERATE_INFOPLIST_FILE = YES;
				INFOPLIST_FILE = "Creating Flashcard/Info.plist";
				INFOPLIST_KEY_UIApplicationSupportsIndirectInputEvents = YES;
				INFOPLIST_KEY_UILaunchStoryboardName = LaunchScreen;
				INFOPLIST_KEY_UIMainStoryboardFile = Main;
				INFOPLIST_KEY_UISupportedInterfaceOrientations_iPad = "UIInterfaceOrientationPortrait UIInterfaceOrientationPortraitUpsideDown UIInterfaceOrientationLandscapeLeft UIInterfaceOrientationLandscapeRight";
				INFOPLIST_KEY_UISupportedInterfaceOrientations_iPhone = "UIInterfaceOrientationPortrait UIInterfaceOrientationLandscapeLeft UIInterfaceOrientationLandscapeRight";
				LD_RUNPATH_SEARCH_PATHS = (
					"$(inherited)",
					"@executable_path/Frameworks",
				);
				MARKETING_VERSION = 1.0;
				PRODUCT_BUNDLE_IDENTIFIER = "Kevin-Li.Creating-Flashcard";
				PRODUCT_NAME = "$(TARGET_NAME)";
				SWIFT_EMIT_LOC_STRINGS = YES;
				SWIFT_VERSION = 5.0;
				TARGETED_DEVICE_FAMILY = "1,2";
			};
			name = Debug;
		};
		1E3CF41727DD289B002CDC8A /* Release */ = {
			isa = XCBuildConfiguration;
			buildSettings = {
				ASSETCATALOG_COMPILER_APPICON_NAME = AppIcon;
				ASSETCATALOG_COMPILER_GLOBAL_ACCENT_COLOR_NAME = AccentColor;
				CODE_SIGN_STYLE = Automatic;
				CURRENT_PROJECT_VERSION = 1;
				DEVELOPMENT_TEAM = WZYVWL96VR;
				GENERATE_INFOPLIST_FILE = YES;
				INFOPLIST_FILE = "Creating Flashcard/Info.plist";
				INFOPLIST_KEY_UIApplicationSupportsIndirectInputEvents = YES;
				INFOPLIST_KEY_UILaunchStoryboardName = LaunchScreen;
				INFOPLIST_KEY_UIMainStoryboardFile = Main;
				INFOPLIST_KEY_UISupportedInterfaceOrientations_iPad = "UIInterfaceOrientationPortrait UIInterfaceOrientationPortraitUpsideDown UIInterfaceOrientationLandscapeLeft UIInterfaceOrientationLandscapeRight";
				INFOPLIST_KEY_UISupportedInterfaceOrientations_iPhone = "UIInterfaceOrientationPortrait UIInterfaceOrientationLandscapeLeft UIInterfaceOrientationLandscapeRight";
				LD_RUNPATH_SEARCH_PATHS = (
					"$(inherited)",
					"@executable_path/Frameworks",
				);
				MARKETING_VERSION = 1.0;
				PRODUCT_BUNDLE_IDENTIFIER = "Kevin-Li.Creating-Flashcard";
				PRODUCT_NAME = "$(TARGET_NAME)";
				SWIFT_EMIT_LOC_STRINGS = YES;
				SWIFT_VERSION = 5.0;
				TARGETED_DEVICE_FAMILY = "1,2";
			};
			name = Release;
		};
		1E3CF41927DD289B002CDC8A /* Debug */ = {
			isa = XCBuildConfiguration;
			buildSettings = {
				ALWAYS_EMBED_SWIFT_STANDARD_LIBRARIES = YES;
				BUNDLE_LOADER = "$(TEST_HOST)";
				CODE_SIGN_STYLE = Automatic;
				CURRENT_PROJECT_VERSION = 1;
				DEVELOPMENT_TEAM = WZYVWL96VR;
				GENERATE_INFOPLIST_FILE = YES;
				IPHONEOS_DEPLOYMENT_TARGET = 15.2;
				MARKETING_VERSION = 1.0;
				PRODUCT_BUNDLE_IDENTIFIER = "Kevin-Li.Creating-FlashcardTests";
				PRODUCT_NAME = "$(TARGET_NAME)";
				SWIFT_EMIT_LOC_STRINGS = NO;
				SWIFT_VERSION = 5.0;
				TARGETED_DEVICE_FAMILY = "1,2";
				TEST_HOST = "$(BUILT_PRODUCTS_DIR)/Creating Flashcard.app/Creating Flashcard";
			};
			name = Debug;
		};
		1E3CF41A27DD289B002CDC8A /* Release */ = {
			isa = XCBuildConfiguration;
			buildSettings = {
				ALWAYS_EMBED_SWIFT_STANDARD_LIBRARIES = YES;
				BUNDLE_LOADER = "$(TEST_HOST)";
				CODE_SIGN_STYLE = Automatic;
				CURRENT_PROJECT_VERSION = 1;
				DEVELOPMENT_TEAM = WZYVWL96VR;
				GENERATE_INFOPLIST_FILE = YES;
				IPHONEOS_DEPLOYMENT_TARGET = 15.2;
				MARKETING_VERSION = 1.0;
				PRODUCT_BUNDLE_IDENTIFIER = "Kevin-Li.Creating-FlashcardTests";
				PRODUCT_NAME = "$(TARGET_NAME)";
				SWIFT_EMIT_LOC_STRINGS = NO;
				SWIFT_VERSION = 5.0;
				TARGETED_DEVICE_FAMILY = "1,2";
				TEST_HOST = "$(BUILT_PRODUCTS_DIR)/Creating Flashcard.app/Creating Flashcard";
			};
			name = Release;
		};
		1E3CF41C27DD289B002CDC8A /* Debug */ = {
			isa = XCBuildConfiguration;
			buildSettings = {
				ALWAYS_EMBED_SWIFT_STANDARD_LIBRARIES = YES;
				CODE_SIGN_STYLE = Automatic;
				CURRENT_PROJECT_VERSION = 1;
				DEVELOPMENT_TEAM = WZYVWL96VR;
				GENERATE_INFOPLIST_FILE = YES;
				MARKETING_VERSION = 1.0;
				PRODUCT_BUNDLE_IDENTIFIER = "Kevin-Li.Creating-FlashcardUITests";
				PRODUCT_NAME = "$(TARGET_NAME)";
				SWIFT_EMIT_LOC_STRINGS = NO;
				SWIFT_VERSION = 5.0;
				TARGETED_DEVICE_FAMILY = "1,2";
				TEST_TARGET_NAME = "Creating Flashcard";
			};
			name = Debug;
		};
		1E3CF41D27DD289B002CDC8A /* Release */ = {
			isa = XCBuildConfiguration;
			buildSettings = {
				ALWAYS_EMBED_SWIFT_STANDARD_LIBRARIES = YES;
				CODE_SIGN_STYLE = Automatic;
				CURRENT_PROJECT_VERSION = 1;
				DEVELOPMENT_TEAM = WZYVWL96VR;
				GENERATE_INFOPLIST_FILE = YES;
				MARKETING_VERSION = 1.0;
				PRODUCT_BUNDLE_IDENTIFIER = "Kevin-Li.Creating-FlashcardUITests";
				PRODUCT_NAME = "$(TARGET_NAME)";
				SWIFT_EMIT_LOC_STRINGS = NO;
				SWIFT_VERSION = 5.0;
				TARGETED_DEVICE_FAMILY = "1,2";
				TEST_TARGET_NAME = "Creating Flashcard";
			};
			name = Release;
		};
/* End XCBuildConfiguration section */

/* Begin XCConfigurationList section */
		1E3CF3E627DD289A002CDC8A /* Build configuration list for PBXProject "Creating Flashcard" */ = {
			isa = XCConfigurationList;
			buildConfigurations = (
				1E3CF41327DD289B002CDC8A /* Debug */,
				1E3CF41427DD289B002CDC8A /* Release */,
			);
			defaultConfigurationIsVisible = 0;
			defaultConfigurationName = Release;
		};
		1E3CF41527DD289B002CDC8A /* Build configuration list for PBXNativeTarget "Creating Flashcard" */ = {
			isa = XCConfigurationList;
			buildConfigurations = (
				1E3CF41627DD289B002CDC8A /* Debug */,
				1E3CF41727DD289B002CDC8A /* Release */,
			);
			defaultConfigurationIsVisible = 0;
			defaultConfigurationName = Release;
		};
		1E3CF41827DD289B002CDC8A /* Build configuration list for PBXNativeTarget "Creating FlashcardTests" */ = {
			isa = XCConfigurationList;
			buildConfigurations = (
				1E3CF41927DD289B002CDC8A /* Debug */,
				1E3CF41A27DD289B002CDC8A /* Release */,
			);
			defaultConfigurationIsVisible = 0;
			defaultConfigurationName = Release;
		};
		1E3CF41B27DD289B002CDC8A /* Build configuration list for PBXNativeTarget "Creating FlashcardUITests" */ = {
			isa = XCConfigurationList;
			buildConfigurations = (
				1E3CF41C27DD289B002CDC8A /* Debug */,
				1E3CF41D27DD289B002CDC8A /* Release */,
			);
			defaultConfigurationIsVisible = 0;
			defaultConfigurationName = Release;
		};
/* End XCConfigurationList section */
	};
	rootObject = 1E3CF3E327DD289A002CDC8A /* Project object */;
}
